<?xml version="1.0" encoding="utf-8"?>
<Project ToolsVersion="17.0" xmlns="http://schemas.microsoft.com/developer/msbuild/2003">
  <ItemGroup>
    <ClCompile Include="C:\Users\tcnca\OneDrive\Desktop\vscode\cmake\my_project\compute_boxes.cpp">
      <Filter>Source Files</Filter>
    </ClCompile>
  </ItemGroup>
  <ItemGroup>
    <CustomBuild Include="C:\Users\tcnca\OneDrive\Desktop\vscode\cmake\my_project\CmakeLists.txt" />
  </ItemGroup>
  <ItemGroup>
    <Filter Include="Source Files">
      <UniqueIdentifier>{799DD21D-B85C-3438-A4C4-28E9012A6524}</UniqueIdentifier>
    </Filter>
  </ItemGroup>
</Project>
