
Microsoft Visual Studio Solution File, Format Version 12.00
# Visual Studio Version 17
Project("{8BC9CEB8-8B4A-11D0-8D11-00A0C91BC942}") = "ALL_BUILD", "ALL_BUILD.vcxproj", "{E57D2B73-328E-30F7-B01B-4E5146B8C324}"
	ProjectSection(ProjectDependencies) = postProject
		{00228AAC-60EB-3EC3-93E1-7498FB9F35ED} = {00228AAC-60EB-3EC3-93E1-7498FB9F35ED}
		{5E30D0E7-43EF-3937-A82C-D1FD0DB5C978} = {5E30D0E7-43EF-3937-A82C-D1FD0DB5C978}
		{11F30C26-7B56-3925-9047-1AD1593F5CE1} = {11F30C26-7B56-3925-9047-1AD1593F5CE1}
	EndProjectSection
EndProject
Project("{8BC9CEB8-8B4A-11D0-8D11-00A0C91BC942}") = "ZERO_CHECK", "ZERO_CHECK.vcxproj", "{00228AAC-60EB-3EC3-93E1-7498FB9F35ED}"
	ProjectSection(ProjectDependencies) = postProject
	EndProjectSection
EndProject
Project("{8BC9CEB8-8B4A-11D0-8D11-00A0C91BC942}") = "compute_boxes", "compute_boxes.vcxproj", "{5E30D0E7-43EF-3937-A82C-D1FD0DB5C978}"
	ProjectSection(ProjectDependencies) = postProject
		{00228AAC-60EB-3EC3-93E1-7498FB9F35ED} = {00228AAC-60EB-3EC3-93E1-7498FB9F35ED}
	EndProjectSection
EndProject
Project("{8BC9CEB8-8B4A-11D0-8D11-00A0C91BC942}") = "my_program", "my_program.vcxproj", "{11F30C26-7B56-3925-9047-1AD1593F5CE1}"
	ProjectSection(ProjectDependencies) = postProject
		{00228AAC-60EB-3EC3-93E1-7498FB9F35ED} = {00228AAC-60EB-3EC3-93E1-7498FB9F35ED}
		{5E30D0E7-43EF-3937-A82C-D1FD0DB5C978} = {5E30D0E7-43EF-3937-A82C-D1FD0DB5C978}
	EndProjectSection
EndProject
Global
	GlobalSection(SolutionConfigurationPlatforms) = preSolution
		Debug|x64 = Debug|x64
		Release|x64 = Release|x64
		MinSizeRel|x64 = MinSizeRel|x64
		RelWithDebInfo|x64 = RelWithDebInfo|x64
	EndGlobalSection
	GlobalSection(ProjectConfigurationPlatforms) = postSolution
		{E57D2B73-328E-30F7-B01B-4E5146B8C324}.Debug|x64.ActiveCfg = Debug|x64
		{E57D2B73-328E-30F7-B01B-4E5146B8C324}.Release|x64.ActiveCfg = Release|x64
		{E57D2B73-328E-30F7-B01B-4E5146B8C324}.MinSizeRel|x64.ActiveCfg = MinSizeRel|x64
		{E57D2B73-328E-30F7-B01B-4E5146B8C324}.RelWithDebInfo|x64.ActiveCfg = RelWithDebInfo|x64
		{00228AAC-60EB-3EC3-93E1-7498FB9F35ED}.Debug|x64.ActiveCfg = Debug|x64
		{00228AAC-60EB-3EC3-93E1-7498FB9F35ED}.Debug|x64.Build.0 = Debug|x64
		{00228AAC-60EB-3EC3-93E1-7498FB9F35ED}.Release|x64.ActiveCfg = Release|x64
		{00228AAC-60EB-3EC3-93E1-7498FB9F35ED}.Release|x64.Build.0 = Release|x64
		{00228AAC-60EB-3EC3-93E1-7498FB9F35ED}.MinSizeRel|x64.ActiveCfg = MinSizeRel|x64
		{00228AAC-60EB-3EC3-93E1-7498FB9F35ED}.MinSizeRel|x64.Build.0 = MinSizeRel|x64
		{00228AAC-60EB-3EC3-93E1-7498FB9F35ED}.RelWithDebInfo|x64.ActiveCfg = RelWithDebInfo|x64
		{00228AAC-60EB-3EC3-93E1-7498FB9F35ED}.RelWithDebInfo|x64.Build.0 = RelWithDebInfo|x64
		{5E30D0E7-43EF-3937-A82C-D1FD0DB5C978}.Debug|x64.ActiveCfg = Debug|x64
		{5E30D0E7-43EF-3937-A82C-D1FD0DB5C978}.Debug|x64.Build.0 = Debug|x64
		{5E30D0E7-43EF-3937-A82C-D1FD0DB5C978}.Release|x64.ActiveCfg = Release|x64
		{5E30D0E7-43EF-3937-A82C-D1FD0DB5C978}.Release|x64.Build.0 = Release|x64
		{5E30D0E7-43EF-3937-A82C-D1FD0DB5C978}.MinSizeRel|x64.ActiveCfg = MinSizeRel|x64
		{5E30D0E7-43EF-3937-A82C-D1FD0DB5C978}.MinSizeRel|x64.Build.0 = MinSizeRel|x64
		{5E30D0E7-43EF-3937-A82C-D1FD0DB5C978}.RelWithDebInfo|x64.ActiveCfg = RelWithDebInfo|x64
		{5E30D0E7-43EF-3937-A82C-D1FD0DB5C978}.RelWithDebInfo|x64.Build.0 = RelWithDebInfo|x64
		{11F30C26-7B56-3925-9047-1AD1593F5CE1}.Debug|x64.ActiveCfg = Debug|x64
		{11F30C26-7B56-3925-9047-1AD1593F5CE1}.Debug|x64.Build.0 = Debug|x64
		{11F30C26-7B56-3925-9047-1AD1593F5CE1}.Release|x64.ActiveCfg = Release|x64
		{11F30C26-7B56-3925-9047-1AD1593F5CE1}.Release|x64.Build.0 = Release|x64
		{11F30C26-7B56-3925-9047-1AD1593F5CE1}.MinSizeRel|x64.ActiveCfg = MinSizeRel|x64
		{11F30C26-7B56-3925-9047-1AD1593F5CE1}.MinSizeRel|x64.Build.0 = MinSizeRel|x64
		{11F30C26-7B56-3925-9047-1AD1593F5CE1}.RelWithDebInfo|x64.ActiveCfg = RelWithDebInfo|x64
		{11F30C26-7B56-3925-9047-1AD1593F5CE1}.RelWithDebInfo|x64.Build.0 = RelWithDebInfo|x64
	EndGlobalSection
	GlobalSection(ExtensibilityGlobals) = postSolution
		SolutionGuid = {23A7A32A-2355-3E95-B8A2-6A8CE094F01E}
	EndGlobalSection
	GlobalSection(ExtensibilityAddIns) = postSolution
	EndGlobalSection
EndGlobal
