<?xml version="1.0" encoding="utf-8"?>
<Project ToolsVersion="17.0" xmlns="http://schemas.microsoft.com/developer/msbuild/2003">
  <ItemGroup>
    <ClCompile Include="C:\Users\tcnca\OneDrive\Desktop\vscode\c++\_exp.cpp">
      <Filter>Source Files</Filter>
    </ClCompile>
  </ItemGroup>
  <ItemGroup>
    <CustomBuild Include="C:\Users\tcnca\OneDrive\Desktop\vscode\c++\CmakeLists.txt" />
  </ItemGroup>
  <ItemGroup>
    <Filter Include="Source Files">
      <UniqueIdentifier>{6FC5E072-5AE6-3350-96D3-A598C500C0B0}</UniqueIdentifier>
    </Filter>
  </ItemGroup>
</Project>
